# THIS IS AN AUTOGENERATED FILE. DO NOT EDIT THIS FILE DIRECTLY.
# yarn lockfile v1


async-validator@^3.3.0:
  version "3.3.0"
  resolved "https://registry.yarnpkg.com/async-validator/-/async-validator-3.3.0.tgz#1d92193bbe60d6d6c8b246692c7005e9ed14a8ee"
  integrity sha512-cAHGD9EL8aCqWXjnb44q94MWiDFzUo1tMhvLb2WzcpWqGiKugsjWG9cvl+jPgkPca7asNbsBU3fa0cwkI/P+Xg==

lodash@4:
  version "4.17.19"
  resolved "https://registry.yarnpkg.com/lodash/-/lodash-4.17.19.tgz#e48ddedbe30b3321783c5b4301fbd353bc1e4a4b"
  integrity sha512-JNvd8XER9GQX0v2qJgsaN/mzFCNA5BRe/j8JN9d+tWyGLSodKQHKFicdwNYzWwI3wjRnaKPsGj1XkBjx/F96DQ==
